
Microsoft Visual Studio Solution File, Format Version 12.00
# Visual Studio Version 17
VisualStudioVersion = 17.13.35931.197 d17.13
MinimumVisualStudioVersion = 10.0.40219.1
Project("{FAE04EC0-301F-11D3-BF4B-00C04F79EFBC}") = "WebApi", "WebApi\WebApi.csproj", "{AB5F4709-4FE1-4247-91BB-AD1AE1A7D2D3}"
EndProject
Global
	GlobalSection(SolutionConfigurationPlatforms) = preSolution
		Debug|Any CPU = Debug|Any CPU
		Release|Any CPU = Release|Any CPU
	EndGlobalSection
	GlobalSection(ProjectConfigurationPlatforms) = postSolution
		{AB5F4709-4FE1-4247-91BB-AD1AE1A7D2D3}.Debug|Any CPU.ActiveCfg = Debug|Any CPU
		{AB5F4709-4FE1-4247-91BB-AD1AE1A7D2D3}.Debug|Any CPU.Build.0 = Debug|Any CPU
		{AB5F4709-4FE1-4247-91BB-AD1AE1A7D2D3}.Release|Any CPU.ActiveCfg = Release|Any CPU
		{AB5F4709-4FE1-4247-91BB-AD1AE1A7D2D3}.Release|Any CPU.Build.0 = Release|Any CPU
	EndGlobalSection
	GlobalSection(SolutionProperties) = preSolution
		HideSolutionNode = FALSE
	EndGlobalSection
	GlobalSection(ExtensibilityGlobals) = postSolution
		SolutionGuid = {881BE55F-17E0-4DBE-8F6F-5EEC11BF5310}
	EndGlobalSection
EndGlobal
